# This file is automatically @generated by Cargo.
# It is not intended for manual editing.
version = 3

[[package]]
name = "autocfg"
version = "1.0.1"
source = "registry+https://github.com/rust-lang/crates.io-index"
checksum = "cdb031dd78e28731d87d56cc8ffef4a8f36ca26c38fe2de700543e627f8a464a"

[[package]]
name = "bytemuck"
version = "1.7.0"
source = "registry+https://github.com/rust-lang/crates.io-index"
checksum = "9966d2ab714d0f785dbac0a0396251a35280aeb42413281617d0209ab4898435"

[[package]]
name = "either"
version = "1.6.1"
source = "registry+https://github.com/rust-lang/crates.io-index"
checksum = "e78d4f1cc4ae33bbfc157ed5d5a5ef3bc29227303d595861deb238fcec4e9457"

[[package]]
name = "hashbrown"
version = "0.11.2"
source = "registry+https://github.com/rust-lang/crates.io-index"
checksum = "ab5ef0d4909ef3724cc8cce6ccc8572c5c817592e9285f5464f8e86f8bd3726e"

[[package]]
name = "indexmap"
version = "1.7.0"
source = "registry+https://github.com/rust-lang/crates.io-index"
checksum = "bc633605454125dec4b66843673f01c7df2b89479b32e0ed634e43a91cff62a5"
dependencies = [
 "autocfg",
 "hashbrown",
]

[[package]]
name = "itertools"
version = "0.10.1"
source = "registry+https://github.com/rust-lang/crates.io-index"
checksum = "69ddb889f9d0d08a67338271fa9b62996bc788c7796a5c18cf057420aaed5eaf"
dependencies = [
 "either",
]

[[package]]
name = "kuudos"
version = "0.1.0"
dependencies = [
 "itertools",
 "rgb",
 "simple-xml-builder",
 "vector2d",
]

[[package]]
name = "proc_vector2d"
version = "1.0.2"
source = "registry+https://github.com/rust-lang/crates.io-index"
checksum = "42ecc0faae16de3ca772d9083ce96872ab6758767deb1efb46e954dfc1d98342"

[[package]]
name = "rgb"
version = "0.8.27"
source = "registry+https://github.com/rust-lang/crates.io-index"
checksum = "8fddb3b23626145d1776addfc307e1a1851f60ef6ca64f376bcb889697144cf0"
dependencies = [
 "bytemuck",
]

[[package]]
name = "simple-xml-builder"
version = "1.0.0"
source = "registry+https://github.com/rust-lang/crates.io-index"
checksum = "e7a12a6dd16f84338edb4d53f8fb94a8acadc596ce866b5edc94b0b270b1c0c4"
dependencies = [
 "indexmap",
]

[[package]]
name = "vector2d"
version = "2.2.0"
source = "registry+https://github.com/rust-lang/crates.io-index"
checksum = "b0ec481eac35d50b7544c58613da9f823561612b0221e67bdf04823b4c6e1358"
dependencies = [
 "proc_vector2d",
]
